
Microsoft Visual Studio Solution File, Format Version 12.00
# Visual Studio 15
VisualStudioVersion = 15.0.27130.2010
MinimumVisualStudioVersion = 10.0.40219.1
Project("{8BC9CEB8-8B4A-11D0-8D11-00A0C91BC942}") = "LittleEngineBase", "PBR_d12\PBR_d12.vcxproj", "{99A0D760-A0DE-41E9-A028-AB73C42245D6}"
EndProject
Project("{8BC9CEB8-8B4A-11D0-8D11-00A0C91BC942}") = "RayTrace", "RayTrace\RayTrace.vcxproj", "{B52C9A36-3FC7-47A2-8CCA-1D9C3E031B9E}"
EndProject
Project("{8BC9CEB8-8B4A-11D0-8D11-00A0C91BC942}") = "Network", "Network\Network.vcxproj", "{C5CDC6E8-E28E-4D9C-B588-D026183E84CB}"
EndProject
Project("{8BC9CEB8-8B4A-11D0-8D11-00A0C91BC942}") = "littleEngineQt", "littleEngine\littleEngine.vcxproj", "{61CDE822-6102-39FD-A1DD-D6D70F0A4D03}"
EndProject
Project("{8BC9CEB8-8B4A-11D0-8D11-00A0C91BC942}") = "LittleEngineWin32", "LittleEngineWin32\LittleEngineWin32.vcxproj", "{70E23E6A-F3A5-45C9-A5C6-79450CD37E87}"
EndProject
Project("{8BC9CEB8-8B4A-11D0-8D11-00A0C91BC942}") = "Lua", "Lua\Lua.vcxproj", "{E5DD238B-888F-4A11-A98B-DEF1D0BEF83E}"
EndProject
Project("{FAE04EC0-301F-11D3-BF4B-00C04F79EFBC}") = "WPF", "WPF\WPF.csproj", "{CD9D757B-D6CD-4E51-89F2-14BE8EE391E2}"
EndProject
Project("{8BC9CEB8-8B4A-11D0-8D11-00A0C91BC942}") = "OBJLoad", "OBJLoad\OBJLoad.vcxproj", "{59D77151-3511-4196-A4C8-5EA159472505}"
EndProject
Project("{8BC9CEB8-8B4A-11D0-8D11-00A0C91BC942}") = "LittleFileSystem", "LittleFileSystem\LittleFileSystem.vcxproj", "{828433C9-2D4F-4C99-8D08-49746079037B}"
EndProject
Global
	GlobalSection(SolutionConfigurationPlatforms) = preSolution
		Debug|Any CPU = Debug|Any CPU
		Debug|x64 = Debug|x64
		Debug|x86 = Debug|x86
		Release|Any CPU = Release|Any CPU
		Release|x64 = Release|x64
		Release|x86 = Release|x86
	EndGlobalSection
	GlobalSection(ProjectConfigurationPlatforms) = postSolution
		{99A0D760-A0DE-41E9-A028-AB73C42245D6}.Debug|Any CPU.ActiveCfg = Debug|Win32
		{99A0D760-A0DE-41E9-A028-AB73C42245D6}.Debug|x64.ActiveCfg = Debug|x64
		{99A0D760-A0DE-41E9-A028-AB73C42245D6}.Debug|x64.Build.0 = Debug|x64
		{99A0D760-A0DE-41E9-A028-AB73C42245D6}.Debug|x86.ActiveCfg = Debug|Win32
		{99A0D760-A0DE-41E9-A028-AB73C42245D6}.Debug|x86.Build.0 = Debug|Win32
		{99A0D760-A0DE-41E9-A028-AB73C42245D6}.Release|Any CPU.ActiveCfg = Release|Win32
		{99A0D760-A0DE-41E9-A028-AB73C42245D6}.Release|x64.ActiveCfg = Release|x64
		{99A0D760-A0DE-41E9-A028-AB73C42245D6}.Release|x64.Build.0 = Release|x64
		{99A0D760-A0DE-41E9-A028-AB73C42245D6}.Release|x86.ActiveCfg = Release|Win32
		{99A0D760-A0DE-41E9-A028-AB73C42245D6}.Release|x86.Build.0 = Release|Win32
		{B52C9A36-3FC7-47A2-8CCA-1D9C3E031B9E}.Debug|Any CPU.ActiveCfg = Debug|Win32
		{B52C9A36-3FC7-47A2-8CCA-1D9C3E031B9E}.Debug|x64.ActiveCfg = Debug|x64
		{B52C9A36-3FC7-47A2-8CCA-1D9C3E031B9E}.Debug|x64.Build.0 = Debug|x64
		{B52C9A36-3FC7-47A2-8CCA-1D9C3E031B9E}.Debug|x86.ActiveCfg = Debug|Win32
		{B52C9A36-3FC7-47A2-8CCA-1D9C3E031B9E}.Debug|x86.Build.0 = Debug|Win32
		{B52C9A36-3FC7-47A2-8CCA-1D9C3E031B9E}.Release|Any CPU.ActiveCfg = Release|Win32
		{B52C9A36-3FC7-47A2-8CCA-1D9C3E031B9E}.Release|x64.ActiveCfg = Release|x64
		{B52C9A36-3FC7-47A2-8CCA-1D9C3E031B9E}.Release|x64.Build.0 = Release|x64
		{B52C9A36-3FC7-47A2-8CCA-1D9C3E031B9E}.Release|x86.ActiveCfg = Release|Win32
		{B52C9A36-3FC7-47A2-8CCA-1D9C3E031B9E}.Release|x86.Build.0 = Release|Win32
		{C5CDC6E8-E28E-4D9C-B588-D026183E84CB}.Debug|Any CPU.ActiveCfg = Debug|Win32
		{C5CDC6E8-E28E-4D9C-B588-D026183E84CB}.Debug|x64.ActiveCfg = Debug|x64
		{C5CDC6E8-E28E-4D9C-B588-D026183E84CB}.Debug|x64.Build.0 = Debug|x64
		{C5CDC6E8-E28E-4D9C-B588-D026183E84CB}.Debug|x86.ActiveCfg = Debug|Win32
		{C5CDC6E8-E28E-4D9C-B588-D026183E84CB}.Debug|x86.Build.0 = Debug|Win32
		{C5CDC6E8-E28E-4D9C-B588-D026183E84CB}.Release|Any CPU.ActiveCfg = Release|Win32
		{C5CDC6E8-E28E-4D9C-B588-D026183E84CB}.Release|x64.ActiveCfg = Release|x64
		{C5CDC6E8-E28E-4D9C-B588-D026183E84CB}.Release|x64.Build.0 = Release|x64
		{C5CDC6E8-E28E-4D9C-B588-D026183E84CB}.Release|x86.ActiveCfg = Release|Win32
		{C5CDC6E8-E28E-4D9C-B588-D026183E84CB}.Release|x86.Build.0 = Release|Win32
		{61CDE822-6102-39FD-A1DD-D6D70F0A4D03}.Debug|Any CPU.ActiveCfg = Debug|x64
		{61CDE822-6102-39FD-A1DD-D6D70F0A4D03}.Debug|x64.ActiveCfg = Debug|x64
		{61CDE822-6102-39FD-A1DD-D6D70F0A4D03}.Debug|x64.Build.0 = Debug|x64
		{61CDE822-6102-39FD-A1DD-D6D70F0A4D03}.Debug|x86.ActiveCfg = Debug|x64
		{61CDE822-6102-39FD-A1DD-D6D70F0A4D03}.Release|Any CPU.ActiveCfg = Release|x64
		{61CDE822-6102-39FD-A1DD-D6D70F0A4D03}.Release|x64.ActiveCfg = Release|x64
		{61CDE822-6102-39FD-A1DD-D6D70F0A4D03}.Release|x64.Build.0 = Release|x64
		{61CDE822-6102-39FD-A1DD-D6D70F0A4D03}.Release|x86.ActiveCfg = Release|x64
		{70E23E6A-F3A5-45C9-A5C6-79450CD37E87}.Debug|Any CPU.ActiveCfg = Debug|Win32
		{70E23E6A-F3A5-45C9-A5C6-79450CD37E87}.Debug|x64.ActiveCfg = Debug|x64
		{70E23E6A-F3A5-45C9-A5C6-79450CD37E87}.Debug|x64.Build.0 = Debug|x64
		{70E23E6A-F3A5-45C9-A5C6-79450CD37E87}.Debug|x86.ActiveCfg = Debug|Win32
		{70E23E6A-F3A5-45C9-A5C6-79450CD37E87}.Debug|x86.Build.0 = Debug|Win32
		{70E23E6A-F3A5-45C9-A5C6-79450CD37E87}.Release|Any CPU.ActiveCfg = Release|Win32
		{70E23E6A-F3A5-45C9-A5C6-79450CD37E87}.Release|x64.ActiveCfg = Release|x64
		{70E23E6A-F3A5-45C9-A5C6-79450CD37E87}.Release|x64.Build.0 = Release|x64
		{70E23E6A-F3A5-45C9-A5C6-79450CD37E87}.Release|x86.ActiveCfg = Release|Win32
		{70E23E6A-F3A5-45C9-A5C6-79450CD37E87}.Release|x86.Build.0 = Release|Win32
		{E5DD238B-888F-4A11-A98B-DEF1D0BEF83E}.Debug|Any CPU.ActiveCfg = Debug|Win32
		{E5DD238B-888F-4A11-A98B-DEF1D0BEF83E}.Debug|x64.ActiveCfg = Debug|x64
		{E5DD238B-888F-4A11-A98B-DEF1D0BEF83E}.Debug|x64.Build.0 = Debug|x64
		{E5DD238B-888F-4A11-A98B-DEF1D0BEF83E}.Debug|x86.ActiveCfg = Debug|Win32
		{E5DD238B-888F-4A11-A98B-DEF1D0BEF83E}.Debug|x86.Build.0 = Debug|Win32
		{E5DD238B-888F-4A11-A98B-DEF1D0BEF83E}.Release|Any CPU.ActiveCfg = Release|Win32
		{E5DD238B-888F-4A11-A98B-DEF1D0BEF83E}.Release|x64.ActiveCfg = Release|x64
		{E5DD238B-888F-4A11-A98B-DEF1D0BEF83E}.Release|x64.Build.0 = Release|x64
		{E5DD238B-888F-4A11-A98B-DEF1D0BEF83E}.Release|x86.ActiveCfg = Release|Win32
		{E5DD238B-888F-4A11-A98B-DEF1D0BEF83E}.Release|x86.Build.0 = Release|Win32
		{CD9D757B-D6CD-4E51-89F2-14BE8EE391E2}.Debug|Any CPU.ActiveCfg = Debug|Any CPU
		{CD9D757B-D6CD-4E51-89F2-14BE8EE391E2}.Debug|Any CPU.Build.0 = Debug|Any CPU
		{CD9D757B-D6CD-4E51-89F2-14BE8EE391E2}.Debug|x64.ActiveCfg = Debug|Any CPU
		{CD9D757B-D6CD-4E51-89F2-14BE8EE391E2}.Debug|x64.Build.0 = Debug|Any CPU
		{CD9D757B-D6CD-4E51-89F2-14BE8EE391E2}.Debug|x86.ActiveCfg = Debug|Any CPU
		{CD9D757B-D6CD-4E51-89F2-14BE8EE391E2}.Debug|x86.Build.0 = Debug|Any CPU
		{CD9D757B-D6CD-4E51-89F2-14BE8EE391E2}.Release|Any CPU.ActiveCfg = Release|Any CPU
		{CD9D757B-D6CD-4E51-89F2-14BE8EE391E2}.Release|Any CPU.Build.0 = Release|Any CPU
		{CD9D757B-D6CD-4E51-89F2-14BE8EE391E2}.Release|x64.ActiveCfg = Release|Any CPU
		{CD9D757B-D6CD-4E51-89F2-14BE8EE391E2}.Release|x64.Build.0 = Release|Any CPU
		{CD9D757B-D6CD-4E51-89F2-14BE8EE391E2}.Release|x86.ActiveCfg = Release|Any CPU
		{CD9D757B-D6CD-4E51-89F2-14BE8EE391E2}.Release|x86.Build.0 = Release|Any CPU
		{59D77151-3511-4196-A4C8-5EA159472505}.Debug|Any CPU.ActiveCfg = Debug|Win32
		{59D77151-3511-4196-A4C8-5EA159472505}.Debug|x64.ActiveCfg = Debug|x64
		{59D77151-3511-4196-A4C8-5EA159472505}.Debug|x64.Build.0 = Debug|x64
		{59D77151-3511-4196-A4C8-5EA159472505}.Debug|x86.ActiveCfg = Debug|Win32
		{59D77151-3511-4196-A4C8-5EA159472505}.Debug|x86.Build.0 = Debug|Win32
		{59D77151-3511-4196-A4C8-5EA159472505}.Release|Any CPU.ActiveCfg = Release|Win32
		{59D77151-3511-4196-A4C8-5EA159472505}.Release|x64.ActiveCfg = Release|x64
		{59D77151-3511-4196-A4C8-5EA159472505}.Release|x64.Build.0 = Release|x64
		{59D77151-3511-4196-A4C8-5EA159472505}.Release|x86.ActiveCfg = Release|Win32
		{59D77151-3511-4196-A4C8-5EA159472505}.Release|x86.Build.0 = Release|Win32
		{828433C9-2D4F-4C99-8D08-49746079037B}.Debug|Any CPU.ActiveCfg = Debug|Win32
		{828433C9-2D4F-4C99-8D08-49746079037B}.Debug|x64.ActiveCfg = Debug|x64
		{828433C9-2D4F-4C99-8D08-49746079037B}.Debug|x64.Build.0 = Debug|x64
		{828433C9-2D4F-4C99-8D08-49746079037B}.Debug|x86.ActiveCfg = Debug|Win32
		{828433C9-2D4F-4C99-8D08-49746079037B}.Debug|x86.Build.0 = Debug|Win32
		{828433C9-2D4F-4C99-8D08-49746079037B}.Release|Any CPU.ActiveCfg = Release|Win32
		{828433C9-2D4F-4C99-8D08-49746079037B}.Release|x64.ActiveCfg = Release|x64
		{828433C9-2D4F-4C99-8D08-49746079037B}.Release|x64.Build.0 = Release|x64
		{828433C9-2D4F-4C99-8D08-49746079037B}.Release|x86.ActiveCfg = Release|Win32
		{828433C9-2D4F-4C99-8D08-49746079037B}.Release|x86.Build.0 = Release|Win32
	EndGlobalSection
	GlobalSection(SolutionProperties) = preSolution
		HideSolutionNode = FALSE
	EndGlobalSection
	GlobalSection(ExtensibilityGlobals) = postSolution
		SolutionGuid = {DF52D75F-E667-4222-AF4B-73D78FC79E06}
	EndGlobalSection
EndGlobal
